{
  "pins" : [
    {
      "identity" : "swift-nio",
      "kind" : "remoteSourceControl",
      "location" : "https://github.com/apple/swift-nio",
      "state" : {
        "revision" : "124119f0bb12384cef35aa041d7c3a686108722d",
        "version" : "2.40.0"
      }
    },
    {
      "identity" : "swordrpc",
      "kind" : "remoteSourceControl",
      "location" : "https://github.com/khoralee/swordRPC",
      "state" : {
        "branch" : "main",
        "revision" : "68e86ed7ffcf6e39bb5f52e692cab3c96f9d9f7c"
      }
    }
  ],
  "version" : 2
}
